// !$*UTF8*$!
{
	archiveVersion = 1;
	classes = {
	};
	objectVersion = 46;
	objects = {

/* Begin PBXBuildFile section */
		82B4126F1B1EA7E6004CDA9B /* AppDelegate.swift in Sources */ = {isa = PBXBuildFile; fileRef = 82B4126E1B1EA7E6004CDA9B /* AppDelegate.swift */; };
		82B412711B1EA7E6004CDA9B /* ViewController.swift in Sources */ = {isa = PBXBuildFile; fileRef = 82B412701B1EA7E6004CDA9B /* ViewController.swift */; };
		82B412741B1EA7E6004CDA9B /* Main.storyboard in Resources */ = {isa = PBXBuildFile; fileRef = 82B412721B1EA7E6004CDA9B /* Main.storyboard */; };
		82B412761B1EA7E6004CDA9B /* Images.xcassets in Resources */ = {isa = PBXBuildFile; fileRef = 82B412751B1EA7E6004CDA9B /* Images.xcassets */; };
		82B412791B1EA7E6004CDA9B /* LaunchScreen.xib in Resources */ = {isa = PBXBuildFile; fileRef = 82B412771B1EA7E6004CDA9B /* LaunchScreen.xib */; };
		82B412851B1EA7E6004CDA9B /* maneeTests.swift in Sources */ = {isa = PBXBuildFile; fileRef = 82B412841B1EA7E6004CDA9B /* maneeTests.swift */; };
/* End PBXBuildFile section */

/* Begin PBXContainerItemProxy section */
		82B4127F1B1EA7E6004CDA9B /* PBXContainerItemProxy */ = {
			isa = PBXContainerItemProxy;
			containerPortal = 82B412611B1EA7E6004CDA9B /* Project object */;
			proxyType = 1;
			remoteGlobalIDString = 82B412681B1EA7E6004CDA9B;
			remoteInfo = manee;
		};
/* End PBXContainerItemProxy section */

/* Begin PBXFileReference section */
		82B412691B1EA7E6004CDA9B /* manee.app */ = {isa = PBXFileReference; explicitFileType = wrapper.application; includeInIndex = 0; path = manee.app; sourceTree = BUILT_PRODUCTS_DIR; };
		82B4126D1B1EA7E6004CDA9B /* Info.plist */ = {isa = PBXFileReference; lastKnownFileType = text.plist.xml; path = Info.plist; sourceTree = "<group>"; };
		82B4126E1B1EA7E6004CDA9B /* AppDelegate.swift */ = {isa = PBXFileReference; lastKnownFileType = sourcecode.swift; path = AppDelegate.swift; sourceTree = "<group>"; };
		82B412701B1EA7E6004CDA9B /* ViewController.swift */ = {isa = PBXFileReference; lastKnownFileType = sourcecode.swift; path = ViewController.swift; sourceTree = "<group>"; };
		82B412731B1EA7E6004CDA9B /* Base */ = {isa = PBXFileReference; lastKnownFileType = file.storyboard; name = Base; path = Base.lproj/Main.storyboard; sourceTree = "<group>"; };
		82B412751B1EA7E6004CDA9B /* Images.xcassets */ = {isa = PBXFileReference; lastKnownFileType = folder.assetcatalog; path = Images.xcassets; sourceTree = "<group>"; };
		82B412781B1EA7E6004CDA9B /* Base */ = {isa = PBXFileReference; lastKnownFileType = file.xib; name = Base; path = Base.lproj/LaunchScreen.xib; sourceTree = "<group>"; };
		82B4127E1B1EA7E6004CDA9B /* maneeTests.xctest */ = {isa = PBXFileReference; explicitFileType = wrapper.cfbundle; includeInIndex = 0; path = maneeTests.xctest; sourceTree = BUILT_PRODUCTS_DIR; };
		82B412831B1EA7E6004CDA9B /* Info.plist */ = {isa = PBXFileReference; lastKnownFileType = text.plist.xml; path = Info.plist; sourceTree = "<group>"; };
		82B412841B1EA7E6004CDA9B /* maneeTests.swift */ = {isa = PBXFileReference; lastKnownFileType = sourcecode.swift; path = maneeTests.swift; sourceTree = "<group>"; };
/* End PBXFileReference section */

/* Begin PBXFrameworksBuildPhase section */
		82B412661B1EA7E6004CDA9B /* Frameworks */ = {
			isa = PBXFrameworksBuildPhase;
			buildActionMask = 2147483647;
			files = (
			);
			runOnlyForDeploymentPostprocessing = 0;
		};
		82B4127B1B1EA7E6004CDA9B /* Frameworks */ = {
			isa = PBXFrameworksBuildPhase;
			buildActionMask = 2147483647;
			files = (
			);
			runOnlyForDeploymentPostprocessing = 0;
		};
/* End PBXFrameworksBuildPhase section */

/* Begin PBXGroup section */
		82B412601B1EA7E6004CDA9B = {
			isa = PBXGroup;
			children = (
				82B4126B1B1EA7E6004CDA9B /* manee */,
				82B412811B1EA7E6004CDA9B /* maneeTests */,
				82B4126A1B1EA7E6004CDA9B /* Products */,
			);
			sourceTree = "<group>";
		};
		82B4126A1B1EA7E6004CDA9B /* Products */ = {
			isa = PBXGroup;
			children = (
				82B412691B1EA7E6004CDA9B /* manee.app */,
				82B4127E1B1EA7E6004CDA9B /* maneeTests.xctest */,
			);
			name = Products;
			sourceTree = "<group>";
		};
		82B4126B1B1EA7E6004CDA9B /* manee */ = {
			isa = PBXGroup;
			children = (
				82B4126E1B1EA7E6004CDA9B /* AppDelegate.swift */,
				82B412701B1EA7E6004CDA9B /* ViewController.swift */,
				82B412721B1EA7E6004CDA9B /* Main.storyboard */,
				82B412751B1EA7E6004CDA9B /* Images.xcassets */,
				82B412771B1EA7E6004CDA9B /* LaunchScreen.xib */,
				82B4126C1B1EA7E6004CDA9B /* Supporting Files */,
			);
			path = manee;
			sourceTree = "<group>";
		};
		82B4126C1B1EA7E6004CDA9B /* Supporting Files */ = {
			isa = PBXGroup;
			children = (
				82B4126D1B1EA7E6004CDA9B /* Info.plist */,
			);
			name = "Supporting Files";
			sourceTree = "<group>";
		};
		82B412811B1EA7E6004CDA9B /* maneeTests */ = {
			isa = PBXGroup;
			children = (
				82B412841B1EA7E6004CDA9B /* maneeTests.swift */,
				82B412821B1EA7E6004CDA9B /* Supporting Files */,
			);
			path = maneeTests;
			sourceTree = "<group>";
		};
		82B412821B1EA7E6004CDA9B /* Supporting Files */ = {
			isa = PBXGroup;
			children = (
				82B412831B1EA7E6004CDA9B /* Info.plist */,
			);
			name = "Supporting Files";
			sourceTree = "<group>";
		};
/* End PBXGroup section */

/* Begin PBXNativeTarget section */
		82B412681B1EA7E6004CDA9B /* manee */ = {
			isa = PBXNativeTarget;
			buildConfigurationList = 82B412881B1EA7E6004CDA9B /* Build configuration list for PBXNativeTarget "manee" */;
			buildPhases = (
				82B412651B1EA7E6004CDA9B /* Sources */,
				82B412661B1EA7E6004CDA9B /* Frameworks */,
				82B412671B1EA7E6004CDA9B /* Resources */,
			);
			buildRules = (
			);
			dependencies = (
			);
			name = manee;
			productName = manee;
			productReference = 82B412691B1EA7E6004CDA9B /* manee.app */;
			productType = "com.apple.product-type.application";
		};
		82B4127D1B1EA7E6004CDA9B /* maneeTests */ = {
			isa = PBXNativeTarget;
			buildConfigurationList = 82B4128B1B1EA7E6004CDA9B /* Build configuration list for PBXNativeTarget "maneeTests" */;
			buildPhases = (
				82B4127A1B1EA7E6004CDA9B /* Sources */,
				82B4127B1B1EA7E6004CDA9B /* Frameworks */,
				82B4127C1B1EA7E6004CDA9B /* Resources */,
			);
			buildRules = (
			);
			dependencies = (
				82B412801B1EA7E6004CDA9B /* PBXTargetDependency */,
			);
			name = maneeTests;
			productName = maneeTests;
			productReference = 82B4127E1B1EA7E6004CDA9B /* maneeTests.xctest */;
			productType = "com.apple.product-type.bundle.unit-test";
		};
/* End PBXNativeTarget section */

/* Begin PBXProject section */
		82B412611B1EA7E6004CDA9B /* Project object */ = {
			isa = PBXProject;
			attributes = {
				LastUpgradeCheck = 0630;
				ORGANIZATIONNAME = "Phudit Chuengjaroen";
				TargetAttributes = {
					82B412681B1EA7E6004CDA9B = {
						CreatedOnToolsVersion = 6.3.1;
					};
					82B4127D1B1EA7E6004CDA9B = {
						CreatedOnToolsVersion = 6.3.1;
						TestTargetID = 82B412681B1EA7E6004CDA9B;
					};
				};
			};
			buildConfigurationList = 82B412641B1EA7E6004CDA9B /* Build configuration list for PBXProject "manee" */;
			compatibilityVersion = "Xcode 3.2";
			developmentRegion = English;
			hasScannedForEncodings = 0;
			knownRegions = (
				en,
				Base,
			);
			mainGroup = 82B412601B1EA7E6004CDA9B;
			productRefGroup = 82B4126A1B1EA7E6004CDA9B /* Products */;
			projectDirPath = "";
			projectRoot = "";
			targets = (
				82B412681B1EA7E6004CDA9B /* manee */,
				82B4127D1B1EA7E6004CDA9B /* maneeTests */,
			);
		};
/* End PBXProject section */

/* Begin PBXResourcesBuildPhase section */
		82B412671B1EA7E6004CDA9B /* Resources */ = {
			isa = PBXResourcesBuildPhase;
			buildActionMask = 2147483647;
			files = (
				82B412741B1EA7E6004CDA9B /* Main.storyboard in Resources */,
				82B412791B1EA7E6004CDA9B /* LaunchScreen.xib in Resources */,
				82B412761B1EA7E6004CDA9B /* Images.xcassets in Resources */,
			);
			runOnlyForDeploymentPostprocessing = 0;
		};
		82B4127C1B1EA7E6004CDA9B /* Resources */ = {
			isa = PBXResourcesBuildPhase;
			buildActionMask = 2147483647;
			files = (
			);
			runOnlyForDeploymentPostprocessing = 0;
		};
/* End PBXResourcesBuildPhase section */

/* Begin PBXSourcesBuildPhase section */
		82B412651B1EA7E6004CDA9B /* Sources */ = {
			isa = PBXSourcesBuildPhase;
			buildActionMask = 2147483647;
			files = (
				82B412711B1EA7E6004CDA9B /* ViewController.swift in Sources */,
				82B4126F1B1EA7E6004CDA9B /* AppDelegate.swift in Sources */,
			);
			runOnlyForDeploymentPostprocessing = 0;
		};
		82B4127A1B1EA7E6004CDA9B /* Sources */ = {
			isa = PBXSourcesBuildPhase;
			buildActionMask = 2147483647;
			files = (
				82B412851B1EA7E6004CDA9B /* maneeTests.swift in Sources */,
			);
			runOnlyForDeploymentPostprocessing = 0;
		};
/* End PBXSourcesBuildPhase section */

/* Begin PBXTargetDependency section */
		82B412801B1EA7E6004CDA9B /* PBXTargetDependency */ = {
			isa = PBXTargetDependency;
			target = 82B412681B1EA7E6004CDA9B /* manee */;
			targetProxy = 82B4127F1B1EA7E6004CDA9B /* PBXContainerItemProxy */;
		};
/* End PBXTargetDependency section */

/* Begin PBXVariantGroup section */
		82B412721B1EA7E6004CDA9B /* Main.storyboard */ = {
			isa = PBXVariantGroup;
			children = (
				82B412731B1EA7E6004CDA9B /* Base */,
			);
			name = Main.storyboard;
			sourceTree = "<group>";
		};
		82B412771B1EA7E6004CDA9B /* LaunchScreen.xib */ = {
			isa = PBXVariantGroup;
			children = (
				82B412781B1EA7E6004CDA9B /* Base */,
			);
			name = LaunchScreen.xib;
			sourceTree = "<group>";
		};
/* End PBXVariantGroup section */

/* Begin XCBuildConfiguration section */
		82B412861B1EA7E6004CDA9B /* Debug */ = {
			isa = XCBuildConfiguration;
			buildSettings = {
				ALWAYS_SEARCH_USER_PATHS = NO;
				CLANG_CXX_LANGUAGE_STANDARD = "gnu++0x";
				CLANG_CXX_LIBRARY = "libc++";
				CLANG_ENABLE_MODULES = YES;
				CLANG_ENABLE_OBJC_ARC = YES;
				CLANG_WARN_BOOL_CONVERSION = YES;
				CLANG_WARN_CONSTANT_CONVERSION = YES;
				CLANG_WARN_DIRECT_OBJC_ISA_USAGE = YES_ERROR;
				CLANG_WARN_EMPTY_BODY = YES;
				CLANG_WARN_ENUM_CONVERSION = YES;
				CLANG_WARN_INT_CONVERSION = YES;
				CLANG_WARN_OBJC_ROOT_CLASS = YES_ERROR;
				CLANG_WARN_UNREACHABLE_CODE = YES;
				CLANG_WARN__DUPLICATE_METHOD_MATCH = YES;
				"CODE_SIGN_IDENTITY[sdk=iphoneos*]" = "iPhone Developer";
				COPY_PHASE_STRIP = NO;
				DEBUG_INFORMATION_FORMAT = "dwarf-with-dsym";
				ENABLE_STRICT_OBJC_MSGSEND = YES;
				GCC_C_LANGUAGE_STANDARD = gnu99;
				GCC_DYNAMIC_NO_PIC = NO;
				GCC_NO_COMMON_BLOCKS = YES;
				GCC_OPTIMIZATION_LEVEL = 0;
				GCC_PREPROCESSOR_DEFINITIONS = (
					"DEBUG=1",
					"$(inherited)",
				);
				GCC_SYMBOLS_PRIVATE_EXTERN = NO;
				GCC_WARN_64_TO_32_BIT_CONVERSION = YES;
				GCC_WARN_ABOUT_RETURN_TYPE = YES_ERROR;
				GCC_WARN_UNDECLARED_SELECTOR = YES;
				GCC_WARN_UNINITIALIZED_AUTOS = YES_AGGRESSIVE;
				GCC_WARN_UNUSED_FUNCTION = YES;
				GCC_WARN_UNUSED_VARIABLE = YES;
				IPHONEOS_DEPLOYMENT_TARGET = 8.3;
				MTL_ENABLE_DEBUG_INFO = YES;
				ONLY_ACTIVE_ARCH = YES;
				SDKROOT = iphoneos;
				SWIFT_OPTIMIZATION_LEVEL = "-Onone";
			};
			name = Debug;
		};
		82B412871B1EA7E6004CDA9B /* Release */ = {
			isa = XCBuildConfiguration;
			buildSettings = {
				ALWAYS_SEARCH_USER_PATHS = NO;
				CLANG_CXX_LANGUAGE_STANDARD = "gnu++0x";
				CLANG_CXX_LIBRARY = "libc++";
				CLANG_ENABLE_MODULES = YES;
				CLANG_ENABLE_OBJC_ARC = YES;
				CLANG_WARN_BOOL_CONVERSION = YES;
				CLANG_WARN_CONSTANT_CONVERSION = YES;
				CLANG_WARN_DIRECT_OBJC_ISA_USAGE = YES_ERROR;
				CLANG_WARN_EMPTY_BODY = YES;
				CLANG_WARN_ENUM_CONVERSION = YES;
				CLANG_WARN_INT_CONVERSION = YES;
				CLANG_WARN_OBJC_ROOT_CLASS = YES_ERROR;
				CLANG_WARN_UNREACHABLE_CODE = YES;
				CLANG_WARN__DUPLICATE_METHOD_MATCH = YES;
				"CODE_SIGN_IDENTITY[sdk=iphoneos*]" = "iPhone Developer";
				COPY_PHASE_STRIP = NO;
				DEBUG_INFORMATION_FORMAT = "dwarf-with-dsym";
				ENABLE_NS_ASSERTIONS = NO;
				ENABLE_STRICT_OBJC_MSGSEND = YES;
				GCC_C_LANGUAGE_STANDARD = gnu99;
				GCC_NO_COMMON_BLOCKS = YES;
				GCC_WARN_64_TO_32_BIT_CONVERSION = YES;
				GCC_WARN_ABOUT_RETURN_TYPE = YES_ERROR;
				GCC_WARN_UNDECLARED_SELECTOR = YES;
				GCC_WARN_UNINITIALIZED_AUTOS = YES_AGGRESSIVE;
				GCC_WARN_UNUSED_FUNCTION = YES;
				GCC_WARN_UNUSED_VARIABLE = YES;
				IPHONEOS_DEPLOYMENT_TARGET = 8.3;
				MTL_ENABLE_DEBUG_INFO = NO;
				SDKROOT = iphoneos;
				VALIDATE_PRODUCT = YES;
			};
			name = Release;
		};
		82B412891B1EA7E6004CDA9B /* Debug */ = {
			isa = XCBuildConfiguration;
			buildSettings = {
				ASSETCATALOG_COMPILER_APPICON_NAME = AppIcon;
				INFOPLIST_FILE = manee/Info.plist;
				LD_RUNPATH_SEARCH_PATHS = "$(inherited) @executable_path/Frameworks";
				PRODUCT_NAME = "$(TARGET_NAME)";
			};
			name = Debug;
		};
		82B4128A1B1EA7E6004CDA9B /* Release */ = {
			isa = XCBuildConfiguration;
			buildSettings = {
				ASSETCATALOG_COMPILER_APPICON_NAME = AppIcon;
				INFOPLIST_FILE = manee/Info.plist;
				LD_RUNPATH_SEARCH_PATHS = "$(inherited) @executable_path/Frameworks";
				PRODUCT_NAME = "$(TARGET_NAME)";
			};
			name = Release;
		};
		82B4128C1B1EA7E6004CDA9B /* Debug */ = {
			isa = XCBuildConfiguration;
			buildSettings = {
				BUNDLE_LOADER = "$(TEST_HOST)";
				FRAMEWORK_SEARCH_PATHS = (
					"$(SDKROOT)/Developer/Library/Frameworks",
					"$(inherited)",
				);
				GCC_PREPROCESSOR_DEFINITIONS = (
					"DEBUG=1",
					"$(inherited)",
				);
				INFOPLIST_FILE = maneeTests/Info.plist;
				LD_RUNPATH_SEARCH_PATHS = "$(inherited) @executable_path/Frameworks @loader_path/Frameworks";
				PRODUCT_NAME = "$(TARGET_NAME)";
				TEST_HOST = "$(BUILT_PRODUCTS_DIR)/manee.app/manee";
			};
			name = Debug;
		};
		82B4128D1B1EA7E6004CDA9B /* Release */ = {
			isa = XCBuildConfiguration;
			buildSettings = {
				BUNDLE_LOADER = "$(TEST_HOST)";
				FRAMEWORK_SEARCH_PATHS = (
					"$(SDKROOT)/Developer/Library/Frameworks",
					"$(inherited)",
				);
				INFOPLIST_FILE = maneeTests/Info.plist;
				LD_RUNPATH_SEARCH_PATHS = "$(inherited) @executable_path/Frameworks @loader_path/Frameworks";
				PRODUCT_NAME = "$(TARGET_NAME)";
				TEST_HOST = "$(BUILT_PRODUCTS_DIR)/manee.app/manee";
			};
			name = Release;
		};
/* End XCBuildConfiguration section */

/* Begin XCConfigurationList section */
		82B412641B1EA7E6004CDA9B /* Build configuration list for PBXProject "manee" */ = {
			isa = XCConfigurationList;
			buildConfigurations = (
				82B412861B1EA7E6004CDA9B /* Debug */,
				82B412871B1EA7E6004CDA9B /* Release */,
			);
			defaultConfigurationIsVisible = 0;
			defaultConfigurationName = Release;
		};
		82B412881B1EA7E6004CDA9B /* Build configuration list for PBXNativeTarget "manee" */ = {
			isa = XCConfigurationList;
			buildConfigurations = (
				82B412891B1EA7E6004CDA9B /* Debug */,
				82B4128A1B1EA7E6004CDA9B /* Release */,
			);
			defaultConfigurationIsVisible = 0;
		};
		82B4128B1B1EA7E6004CDA9B /* Build configuration list for PBXNativeTarget "maneeTests" */ = {
			isa = XCConfigurationList;
			buildConfigurations = (
				82B4128C1B1EA7E6004CDA9B /* Debug */,
				82B4128D1B1EA7E6004CDA9B /* Release */,
			);
			defaultConfigurationIsVisible = 0;
		};
/* End XCConfigurationList section */
	};
	rootObject = 82B412611B1EA7E6004CDA9B /* Project object */;
}
